// !$*UTF8*$!
{
	archiveVersion = 1;
	classes = {
	};
	objectVersion = 55;
	objects = {

/* Begin PBXBuildFile section */
		909D678627F820670012E3B9 /* SinglePriceGridComponentApp.swift in Sources */ = {isa = PBXBuildFile; fileRef = 909D677627F820660012E3B9 /* SinglePriceGridComponentApp.swift */; };
		909D678727F820670012E3B9 /* SinglePriceGridComponentApp.swift in Sources */ = {isa = PBXBuildFile; fileRef = 909D677627F820660012E3B9 /* SinglePriceGridComponentApp.swift */; };
		909D678827F820670012E3B9 /* ContentView.swift in Sources */ = {isa = PBXBuildFile; fileRef = 909D677727F820660012E3B9 /* ContentView.swift */; };
		909D678927F820670012E3B9 /* ContentView.swift in Sources */ = {isa = PBXBuildFile; fileRef = 909D677727F820660012E3B9 /* ContentView.swift */; };
		909D678A27F820670012E3B9 /* Assets.xcassets in Resources */ = {isa = PBXBuildFile; fileRef = 909D677827F820670012E3B9 /* Assets.xcassets */; };
		909D678B27F820670012E3B9 /* Assets.xcassets in Resources */ = {isa = PBXBuildFile; fileRef = 909D677827F820670012E3B9 /* Assets.xcassets */; };
		909D679827F8227A0012E3B9 /* Card.swift in Sources */ = {isa = PBXBuildFile; fileRef = 909D679727F8227A0012E3B9 /* Card.swift */; };
		909D679A27F822B90012E3B9 /* UpperCard.swift in Sources */ = {isa = PBXBuildFile; fileRef = 909D679927F822B90012E3B9 /* UpperCard.swift */; };
/* End PBXBuildFile section */

/* Begin PBXFileReference section */
		909D677627F820660012E3B9 /* SinglePriceGridComponentApp.swift */ = {isa = PBXFileReference; lastKnownFileType = sourcecode.swift; path = SinglePriceGridComponentApp.swift; sourceTree = "<group>"; };
		909D677727F820660012E3B9 /* ContentView.swift */ = {isa = PBXFileReference; lastKnownFileType = sourcecode.swift; path = ContentView.swift; sourceTree = "<group>"; };
		909D677827F820670012E3B9 /* Assets.xcassets */ = {isa = PBXFileReference; lastKnownFileType = folder.assetcatalog; path = Assets.xcassets; sourceTree = "<group>"; };
		909D677D27F820670012E3B9 /* SinglePriceGridComponent.app */ = {isa = PBXFileReference; explicitFileType = wrapper.application; includeInIndex = 0; path = SinglePriceGridComponent.app; sourceTree = BUILT_PRODUCTS_DIR; };
		909D678327F820670012E3B9 /* SinglePriceGridComponent.app */ = {isa = PBXFileReference; explicitFileType = wrapper.application; includeInIndex = 0; path = SinglePriceGridComponent.app; sourceTree = BUILT_PRODUCTS_DIR; };
		909D678527F820670012E3B9 /* macOS.entitlements */ = {isa = PBXFileReference; lastKnownFileType = text.plist.entitlements; path = macOS.entitlements; sourceTree = "<group>"; };
		909D679727F8227A0012E3B9 /* Card.swift */ = {isa = PBXFileReference; lastKnownFileType = sourcecode.swift; path = Card.swift; sourceTree = "<group>"; };
		909D679927F822B90012E3B9 /* UpperCard.swift */ = {isa = PBXFileReference; lastKnownFileType = sourcecode.swift; path = UpperCard.swift; sourceTree = "<group>"; };
/* End PBXFileReference section */

/* Begin PBXFrameworksBuildPhase section */
		909D677A27F820670012E3B9 /* Frameworks */ = {
			isa = PBXFrameworksBuildPhase;
			buildActionMask = 2147483647;
			files = (
			);
			runOnlyForDeploymentPostprocessing = 0;
		};
		909D678027F820670012E3B9 /* Frameworks */ = {
			isa = PBXFrameworksBuildPhase;
			buildActionMask = 2147483647;
			files = (
			);
			runOnlyForDeploymentPostprocessing = 0;
		};
/* End PBXFrameworksBuildPhase section */

/* Begin PBXGroup section */
		909D677027F820660012E3B9 = {
			isa = PBXGroup;
			children = (
				909D677527F820660012E3B9 /* Shared */,
				909D678427F820670012E3B9 /* macOS */,
				909D677E27F820670012E3B9 /* Products */,
			);
			sourceTree = "<group>";
		};
		909D677527F820660012E3B9 /* Shared */ = {
			isa = PBXGroup;
			children = (
				909D679627F820840012E3B9 /* App */,
				909D679527F820800012E3B9 /* Models */,
				909D679427F8207C0012E3B9 /* Views */,
			);
			path = Shared;
			sourceTree = "<group>";
		};
		909D677E27F820670012E3B9 /* Products */ = {
			isa = PBXGroup;
			children = (
				909D677D27F820670012E3B9 /* SinglePriceGridComponent.app */,
				909D678327F820670012E3B9 /* SinglePriceGridComponent.app */,
			);
			name = Products;
			sourceTree = "<group>";
		};
		909D678427F820670012E3B9 /* macOS */ = {
			isa = PBXGroup;
			children = (
				909D678527F820670012E3B9 /* macOS.entitlements */,
			);
			path = macOS;
			sourceTree = "<group>";
		};
		909D679427F8207C0012E3B9 /* Views */ = {
			isa = PBXGroup;
			children = (
				909D677727F820660012E3B9 /* ContentView.swift */,
				909D679727F8227A0012E3B9 /* Card.swift */,
				909D679927F822B90012E3B9 /* UpperCard.swift */,
			);
			path = Views;
			sourceTree = "<group>";
		};
		909D679527F820800012E3B9 /* Models */ = {
			isa = PBXGroup;
			children = (
			);
			path = Models;
			sourceTree = "<group>";
		};
		909D679627F820840012E3B9 /* App */ = {
			isa = PBXGroup;
			children = (
				909D677627F820660012E3B9 /* SinglePriceGridComponentApp.swift */,
				909D677827F820670012E3B9 /* Assets.xcassets */,
			);
			path = App;
			sourceTree = "<group>";
		};
/* End PBXGroup section */

/* Begin PBXNativeTarget section */
		909D677C27F820670012E3B9 /* SinglePriceGridComponent (iOS) */ = {
			isa = PBXNativeTarget;
			buildConfigurationList = 909D678E27F820670012E3B9 /* Build configuration list for PBXNativeTarget "SinglePriceGridComponent (iOS)" */;
			buildPhases = (
				909D677927F820670012E3B9 /* Sources */,
				909D677A27F820670012E3B9 /* Frameworks */,
				909D677B27F820670012E3B9 /* Resources */,
			);
			buildRules = (
			);
			dependencies = (
			);
			name = "SinglePriceGridComponent (iOS)";
			productName = "SinglePriceGridComponent (iOS)";
			productReference = 909D677D27F820670012E3B9 /* SinglePriceGridComponent.app */;
			productType = "com.apple.product-type.application";
		};
		909D678227F820670012E3B9 /* SinglePriceGridComponent (macOS) */ = {
			isa = PBXNativeTarget;
			buildConfigurationList = 909D679127F820670012E3B9 /* Build configuration list for PBXNativeTarget "SinglePriceGridComponent (macOS)" */;
			buildPhases = (
				909D677F27F820670012E3B9 /* Sources */,
				909D678027F820670012E3B9 /* Frameworks */,
				909D678127F820670012E3B9 /* Resources */,
			);
			buildRules = (
			);
			dependencies = (
			);
			name = "SinglePriceGridComponent (macOS)";
			productName = "SinglePriceGridComponent (macOS)";
			productReference = 909D678327F820670012E3B9 /* SinglePriceGridComponent.app */;
			productType = "com.apple.product-type.application";
		};
/* End PBXNativeTarget section */

/* Begin PBXProject section */
		909D677127F820660012E3B9 /* Project object */ = {
			isa = PBXProject;
			attributes = {
				BuildIndependentTargetsInParallel = 1;
				LastSwiftUpdateCheck = 1330;
				LastUpgradeCheck = 1330;
				TargetAttributes = {
					909D677C27F820670012E3B9 = {
						CreatedOnToolsVersion = 13.3;
					};
					909D678227F820670012E3B9 = {
						CreatedOnToolsVersion = 13.3;
					};
				};
			};
			buildConfigurationList = 909D677427F820660012E3B9 /* Build configuration list for PBXProject "SinglePriceGridComponent" */;
			compatibilityVersion = "Xcode 13.0";
			developmentRegion = en;
			hasScannedForEncodings = 0;
			knownRegions = (
				en,
				Base,
			);
			mainGroup = 909D677027F820660012E3B9;
			productRefGroup = 909D677E27F820670012E3B9 /* Products */;
			projectDirPath = "";
			projectRoot = "";
			targets = (
				909D677C27F820670012E3B9 /* SinglePriceGridComponent (iOS) */,
				909D678227F820670012E3B9 /* SinglePriceGridComponent (macOS) */,
			);
		};
/* End PBXProject section */

/* Begin PBXResourcesBuildPhase section */
		909D677B27F820670012E3B9 /* Resources */ = {
			isa = PBXResourcesBuildPhase;
			buildActionMask = 2147483647;
			files = (
				909D678A27F820670012E3B9 /* Assets.xcassets in Resources */,
			);
			runOnlyForDeploymentPostprocessing = 0;
		};
		909D678127F820670012E3B9 /* Resources */ = {
			isa = PBXResourcesBuildPhase;
			buildActionMask = 2147483647;
			files = (
				909D678B27F820670012E3B9 /* Assets.xcassets in Resources */,
			);
			runOnlyForDeploymentPostprocessing = 0;
		};
/* End PBXResourcesBuildPhase section */

/* Begin PBXSourcesBuildPhase section */
		909D677927F820670012E3B9 /* Sources */ = {
			isa = PBXSourcesBuildPhase;
			buildActionMask = 2147483647;
			files = (
				909D679A27F822B90012E3B9 /* UpperCard.swift in Sources */,
				909D678827F820670012E3B9 /* ContentView.swift in Sources */,
				909D679827F8227A0012E3B9 /* Card.swift in Sources */,
				909D678627F820670012E3B9 /* SinglePriceGridComponentApp.swift in Sources */,
			);
			runOnlyForDeploymentPostprocessing = 0;
		};
		909D677F27F820670012E3B9 /* Sources */ = {
			isa = PBXSourcesBuildPhase;
			buildActionMask = 2147483647;
			files = (
				909D678927F820670012E3B9 /* ContentView.swift in Sources */,
				909D678727F820670012E3B9 /* SinglePriceGridComponentApp.swift in Sources */,
			);
			runOnlyForDeploymentPostprocessing = 0;
		};
/* End PBXSourcesBuildPhase section */

/* Begin XCBuildConfiguration section */
		909D678C27F820670012E3B9 /* Debug */ = {
			isa = XCBuildConfiguration;
			buildSettings = {
				ALWAYS_SEARCH_USER_PATHS = NO;
				CLANG_ANALYZER_NONNULL = YES;
				CLANG_ANALYZER_NUMBER_OBJECT_CONVERSION = YES_AGGRESSIVE;
				CLANG_CXX_LANGUAGE_STANDARD = "gnu++17";
				CLANG_ENABLE_MODULES = YES;
				CLANG_ENABLE_OBJC_ARC = YES;
				CLANG_ENABLE_OBJC_WEAK = YES;
				CLANG_WARN_BLOCK_CAPTURE_AUTORELEASING = YES;
				CLANG_WARN_BOOL_CONVERSION = YES;
				CLANG_WARN_COMMA = YES;
				CLANG_WARN_CONSTANT_CONVERSION = YES;
				CLANG_WARN_DEPRECATED_OBJC_IMPLEMENTATIONS = YES;
				CLANG_WARN_DIRECT_OBJC_ISA_USAGE = YES_ERROR;
				CLANG_WARN_DOCUMENTATION_COMMENTS = YES;
				CLANG_WARN_EMPTY_BODY = YES;
				CLANG_WARN_ENUM_CONVERSION = YES;
				CLANG_WARN_INFINITE_RECURSION = YES;
				CLANG_WARN_INT_CONVERSION = YES;
				CLANG_WARN_NON_LITERAL_NULL_CONVERSION = YES;
				CLANG_WARN_OBJC_IMPLICIT_RETAIN_SELF = YES;
				CLANG_WARN_OBJC_LITERAL_CONVERSION = YES;
				CLANG_WARN_OBJC_ROOT_CLASS = YES_ERROR;
				CLANG_WARN_QUOTED_INCLUDE_IN_FRAMEWORK_HEADER = YES;
				CLANG_WARN_RANGE_LOOP_ANALYSIS = YES;
				CLANG_WARN_STRICT_PROTOTYPES = YES;
				CLANG_WARN_SUSPICIOUS_MOVE = YES;
				CLANG_WARN_UNGUARDED_AVAILABILITY = YES_AGGRESSIVE;
				CLANG_WARN_UNREACHABLE_CODE = YES;
				CLANG_WARN__DUPLICATE_METHOD_MATCH = YES;
				COPY_PHASE_STRIP = NO;
				DEBUG_INFORMATION_FORMAT = dwarf;
				ENABLE_STRICT_OBJC_MSGSEND = YES;
				ENABLE_TESTABILITY = YES;
				GCC_C_LANGUAGE_STANDARD = gnu11;
				GCC_DYNAMIC_NO_PIC = NO;
				GCC_NO_COMMON_BLOCKS = YES;
				GCC_OPTIMIZATION_LEVEL = 0;
				GCC_PREPROCESSOR_DEFINITIONS = (
					"DEBUG=1",
					"$(inherited)",
				);
				GCC_WARN_64_TO_32_BIT_CONVERSION = YES;
				GCC_WARN_ABOUT_RETURN_TYPE = YES_ERROR;
				GCC_WARN_UNDECLARED_SELECTOR = YES;
				GCC_WARN_UNINITIALIZED_AUTOS = YES_AGGRESSIVE;
				GCC_WARN_UNUSED_FUNCTION = YES;
				GCC_WARN_UNUSED_VARIABLE = YES;
				IPHONEOS_DEPLOYMENT_TARGET = 15.4;
				MACOSX_DEPLOYMENT_TARGET = 12.3;
				MTL_ENABLE_DEBUG_INFO = INCLUDE_SOURCE;
				MTL_FAST_MATH = YES;
				ONLY_ACTIVE_ARCH = YES;
				SWIFT_ACTIVE_COMPILATION_CONDITIONS = DEBUG;
				SWIFT_OPTIMIZATION_LEVEL = "-Onone";
			};
			name = Debug;
		};
		909D678D27F820670012E3B9 /* Release */ = {
			isa = XCBuildConfiguration;
			buildSettings = {
				ALWAYS_SEARCH_USER_PATHS = NO;
				CLANG_ANALYZER_NONNULL = YES;
				CLANG_ANALYZER_NUMBER_OBJECT_CONVERSION = YES_AGGRESSIVE;
				CLANG_CXX_LANGUAGE_STANDARD = "gnu++17";
				CLANG_ENABLE_MODULES = YES;
				CLANG_ENABLE_OBJC_ARC = YES;
				CLANG_ENABLE_OBJC_WEAK = YES;
				CLANG_WARN_BLOCK_CAPTURE_AUTORELEASING = YES;
				CLANG_WARN_BOOL_CONVERSION = YES;
				CLANG_WARN_COMMA = YES;
				CLANG_WARN_CONSTANT_CONVERSION = YES;
				CLANG_WARN_DEPRECATED_OBJC_IMPLEMENTATIONS = YES;
				CLANG_WARN_DIRECT_OBJC_ISA_USAGE = YES_ERROR;
				CLANG_WARN_DOCUMENTATION_COMMENTS = YES;
				CLANG_WARN_EMPTY_BODY = YES;
				CLANG_WARN_ENUM_CONVERSION = YES;
				CLANG_WARN_INFINITE_RECURSION = YES;
				CLANG_WARN_INT_CONVERSION = YES;
				CLANG_WARN_NON_LITERAL_NULL_CONVERSION = YES;
				CLANG_WARN_OBJC_IMPLICIT_RETAIN_SELF = YES;
				CLANG_WARN_OBJC_LITERAL_CONVERSION = YES;
				CLANG_WARN_OBJC_ROOT_CLASS = YES_ERROR;
				CLANG_WARN_QUOTED_INCLUDE_IN_FRAMEWORK_HEADER = YES;
				CLANG_WARN_RANGE_LOOP_ANALYSIS = YES;
				CLANG_WARN_STRICT_PROTOTYPES = YES;
				CLANG_WARN_SUSPICIOUS_MOVE = YES;
				CLANG_WARN_UNGUARDED_AVAILABILITY = YES_AGGRESSIVE;
				CLANG_WARN_UNREACHABLE_CODE = YES;
				CLANG_WARN__DUPLICATE_METHOD_MATCH = YES;
				COPY_PHASE_STRIP = NO;
				DEBUG_INFORMATION_FORMAT = "dwarf-with-dsym";
				ENABLE_NS_ASSERTIONS = NO;
				ENABLE_STRICT_OBJC_MSGSEND = YES;
				GCC_C_LANGUAGE_STANDARD = gnu11;
				GCC_NO_COMMON_BLOCKS = YES;
				GCC_WARN_64_TO_32_BIT_CONVERSION = YES;
				GCC_WARN_ABOUT_RETURN_TYPE = YES_ERROR;
				GCC_WARN_UNDECLARED_SELECTOR = YES;
				GCC_WARN_UNINITIALIZED_AUTOS = YES_AGGRESSIVE;
				GCC_WARN_UNUSED_FUNCTION = YES;
				GCC_WARN_UNUSED_VARIABLE = YES;
				IPHONEOS_DEPLOYMENT_TARGET = 15.4;
				MACOSX_DEPLOYMENT_TARGET = 12.3;
				MTL_ENABLE_DEBUG_INFO = NO;
				MTL_FAST_MATH = YES;
				SWIFT_COMPILATION_MODE = wholemodule;
				SWIFT_OPTIMIZATION_LEVEL = "-O";
			};
			name = Release;
		};
		909D678F27F820670012E3B9 /* Debug */ = {
			isa = XCBuildConfiguration;
			buildSettings = {
				ASSETCATALOG_COMPILER_APPICON_NAME = AppIcon;
				ASSETCATALOG_COMPILER_GLOBAL_ACCENT_COLOR_NAME = AccentColor;
				CODE_SIGN_STYLE = Automatic;
				CURRENT_PROJECT_VERSION = 1;
				DEVELOPMENT_TEAM = 862P2X6G9G;
				ENABLE_PREVIEWS = YES;
				GENERATE_INFOPLIST_FILE = YES;
				INFOPLIST_KEY_UIApplicationSceneManifest_Generation = YES;
				INFOPLIST_KEY_UIApplicationSupportsIndirectInputEvents = YES;
				INFOPLIST_KEY_UILaunchScreen_Generation = YES;
				INFOPLIST_KEY_UISupportedInterfaceOrientations_iPad = "UIInterfaceOrientationPortrait UIInterfaceOrientationPortraitUpsideDown UIInterfaceOrientationLandscapeLeft UIInterfaceOrientationLandscapeRight";
				INFOPLIST_KEY_UISupportedInterfaceOrientations_iPhone = "UIInterfaceOrientationPortrait UIInterfaceOrientationLandscapeLeft UIInterfaceOrientationLandscapeRight";
				IPHONEOS_DEPLOYMENT_TARGET = 15.4;
				LD_RUNPATH_SEARCH_PATHS = (
					"$(inherited)",
					"@executable_path/Frameworks",
				);
				MARKETING_VERSION = 1.0;
				PRODUCT_BUNDLE_IDENTIFIER = me.kim.jinwook.SinglePriceGridComponent;
				PRODUCT_NAME = SinglePriceGridComponent;
				SDKROOT = iphoneos;
				SWIFT_EMIT_LOC_STRINGS = YES;
				SWIFT_VERSION = 5.0;
				TARGETED_DEVICE_FAMILY = "1,2";
			};
			name = Debug;
		};
		909D679027F820670012E3B9 /* Release */ = {
			isa = XCBuildConfiguration;
			buildSettings = {
				ASSETCATALOG_COMPILER_APPICON_NAME = AppIcon;
				ASSETCATALOG_COMPILER_GLOBAL_ACCENT_COLOR_NAME = AccentColor;
				CODE_SIGN_STYLE = Automatic;
				CURRENT_PROJECT_VERSION = 1;
				DEVELOPMENT_TEAM = 862P2X6G9G;
				ENABLE_PREVIEWS = YES;
				GENERATE_INFOPLIST_FILE = YES;
				INFOPLIST_KEY_UIApplicationSceneManifest_Generation = YES;
				INFOPLIST_KEY_UIApplicationSupportsIndirectInputEvents = YES;
				INFOPLIST_KEY_UILaunchScreen_Generation = YES;
				INFOPLIST_KEY_UISupportedInterfaceOrientations_iPad = "UIInterfaceOrientationPortrait UIInterfaceOrientationPortraitUpsideDown UIInterfaceOrientationLandscapeLeft UIInterfaceOrientationLandscapeRight";
				INFOPLIST_KEY_UISupportedInterfaceOrientations_iPhone = "UIInterfaceOrientationPortrait UIInterfaceOrientationLandscapeLeft UIInterfaceOrientationLandscapeRight";
				IPHONEOS_DEPLOYMENT_TARGET = 15.4;
				LD_RUNPATH_SEARCH_PATHS = (
					"$(inherited)",
					"@executable_path/Frameworks",
				);
				MARKETING_VERSION = 1.0;
				PRODUCT_BUNDLE_IDENTIFIER = me.kim.jinwook.SinglePriceGridComponent;
				PRODUCT_NAME = SinglePriceGridComponent;
				SDKROOT = iphoneos;
				SWIFT_EMIT_LOC_STRINGS = YES;
				SWIFT_VERSION = 5.0;
				TARGETED_DEVICE_FAMILY = "1,2";
				VALIDATE_PRODUCT = YES;
			};
			name = Release;
		};
		909D679227F820670012E3B9 /* Debug */ = {
			isa = XCBuildConfiguration;
			buildSettings = {
				ASSETCATALOG_COMPILER_APPICON_NAME = AppIcon;
				ASSETCATALOG_COMPILER_GLOBAL_ACCENT_COLOR_NAME = AccentColor;
				CODE_SIGN_ENTITLEMENTS = macOS/macOS.entitlements;
				CODE_SIGN_STYLE = Automatic;
				COMBINE_HIDPI_IMAGES = YES;
				CURRENT_PROJECT_VERSION = 1;
				DEVELOPMENT_TEAM = 862P2X6G9G;
				ENABLE_HARDENED_RUNTIME = YES;
				ENABLE_PREVIEWS = YES;
				GENERATE_INFOPLIST_FILE = YES;
				INFOPLIST_KEY_NSHumanReadableCopyright = "";
				LD_RUNPATH_SEARCH_PATHS = (
					"$(inherited)",
					"@executable_path/../Frameworks",
				);
				MACOSX_DEPLOYMENT_TARGET = 12.3;
				MARKETING_VERSION = 1.0;
				PRODUCT_BUNDLE_IDENTIFIER = me.kim.jinwook.SinglePriceGridComponent;
				PRODUCT_NAME = SinglePriceGridComponent;
				SDKROOT = macosx;
				SWIFT_EMIT_LOC_STRINGS = YES;
				SWIFT_VERSION = 5.0;
			};
			name = Debug;
		};
		909D679327F820670012E3B9 /* Release */ = {
			isa = XCBuildConfiguration;
			buildSettings = {
				ASSETCATALOG_COMPILER_APPICON_NAME = AppIcon;
				ASSETCATALOG_COMPILER_GLOBAL_ACCENT_COLOR_NAME = AccentColor;
				CODE_SIGN_ENTITLEMENTS = macOS/macOS.entitlements;
				CODE_SIGN_STYLE = Automatic;
				COMBINE_HIDPI_IMAGES = YES;
				CURRENT_PROJECT_VERSION = 1;
				DEVELOPMENT_TEAM = 862P2X6G9G;
				ENABLE_HARDENED_RUNTIME = YES;
				ENABLE_PREVIEWS = YES;
				GENERATE_INFOPLIST_FILE = YES;
				INFOPLIST_KEY_NSHumanReadableCopyright = "";
				LD_RUNPATH_SEARCH_PATHS = (
					"$(inherited)",
					"@executable_path/../Frameworks",
				);
				MACOSX_DEPLOYMENT_TARGET = 12.3;
				MARKETING_VERSION = 1.0;
				PRODUCT_BUNDLE_IDENTIFIER = me.kim.jinwook.SinglePriceGridComponent;
				PRODUCT_NAME = SinglePriceGridComponent;
				SDKROOT = macosx;
				SWIFT_EMIT_LOC_STRINGS = YES;
				SWIFT_VERSION = 5.0;
			};
			name = Release;
		};
/* End XCBuildConfiguration section */

/* Begin XCConfigurationList section */
		909D677427F820660012E3B9 /* Build configuration list for PBXProject "SinglePriceGridComponent" */ = {
			isa = XCConfigurationList;
			buildConfigurations = (
				909D678C27F820670012E3B9 /* Debug */,
				909D678D27F820670012E3B9 /* Release */,
			);
			defaultConfigurationIsVisible = 0;
			defaultConfigurationName = Release;
		};
		909D678E27F820670012E3B9 /* Build configuration list for PBXNativeTarget "SinglePriceGridComponent (iOS)" */ = {
			isa = XCConfigurationList;
			buildConfigurations = (
				909D678F27F820670012E3B9 /* Debug */,
				909D679027F820670012E3B9 /* Release */,
			);
			defaultConfigurationIsVisible = 0;
			defaultConfigurationName = Release;
		};
		909D679127F820670012E3B9 /* Build configuration list for PBXNativeTarget "SinglePriceGridComponent (macOS)" */ = {
			isa = XCConfigurationList;
			buildConfigurations = (
				909D679227F820670012E3B9 /* Debug */,
				909D679327F820670012E3B9 /* Release */,
			);
			defaultConfigurationIsVisible = 0;
			defaultConfigurationName = Release;
		};
/* End XCConfigurationList section */
	};
	rootObject = 909D677127F820660012E3B9 /* Project object */;
}
